// !$*UTF8*$!
{
	archiveVersion = 1;
	classes = {
	};
	objectVersion = 55;
	objects = {

/* Begin PBXBuildFile section */
		64D8CD002733696100F15A90 /* SettingViewController.swift in Sources */ = {isa = PBXBuildFile; fileRef = 64D8CCFF2733696100F15A90 /* SettingViewController.swift */; };
		64D8CD0327336DC500F15A90 /* Zip in Frameworks */ = {isa = PBXBuildFile; productRef = 64D8CD0227336DC500F15A90 /* Zip */; };
		64D8CD27273558A500F15A90 /* DatePickerViewController.swift in Sources */ = {isa = PBXBuildFile; fileRef = 64D8CD26273558A500F15A90 /* DatePickerViewController.swift */; };
		64D8CD2927367A1E00F15A90 /* CalendarViewController.swift in Sources */ = {isa = PBXBuildFile; fileRef = 64D8CD2827367A1E00F15A90 /* CalendarViewController.swift */; };
		64D8CD2C27367A9D00F15A90 /* FSCalendar in Frameworks */ = {isa = PBXBuildFile; productRef = 64D8CD2B27367A9D00F15A90 /* FSCalendar */; };
		64D8CD302738ACFC00F15A90 /* HomeTableViewCell.swift in Sources */ = {isa = PBXBuildFile; fileRef = 64D8CD2F2738ACFC00F15A90 /* HomeTableViewCell.swift */; };
		64D8CD322738B17C00F15A90 /* HomeCollectionViewCell.swift in Sources */ = {isa = PBXBuildFile; fileRef = 64D8CD312738B17C00F15A90 /* HomeCollectionViewCell.swift */; };
		64F6BE4B272FBFFB00DC16DF /* AppDelegate.swift in Sources */ = {isa = PBXBuildFile; fileRef = 64F6BE4A272FBFFB00DC16DF /* AppDelegate.swift */; };
		64F6BE4D272FBFFB00DC16DF /* SceneDelegate.swift in Sources */ = {isa = PBXBuildFile; fileRef = 64F6BE4C272FBFFB00DC16DF /* SceneDelegate.swift */; };
		64F6BE4F272FBFFB00DC16DF /* ViewController.swift in Sources */ = {isa = PBXBuildFile; fileRef = 64F6BE4E272FBFFB00DC16DF /* ViewController.swift */; };
		64F6BE52272FBFFB00DC16DF /* Main.storyboard in Resources */ = {isa = PBXBuildFile; fileRef = 64F6BE50272FBFFB00DC16DF /* Main.storyboard */; };
		64F6BE54272FBFFC00DC16DF /* Assets.xcassets in Resources */ = {isa = PBXBuildFile; fileRef = 64F6BE53272FBFFC00DC16DF /* Assets.xcassets */; };
		64F6BE57272FBFFC00DC16DF /* LaunchScreen.storyboard in Resources */ = {isa = PBXBuildFile; fileRef = 64F6BE55272FBFFC00DC16DF /* LaunchScreen.storyboard */; };
		64F6BE5F272FCF0900DC16DF /* HomewViewController.swift in Sources */ = {isa = PBXBuildFile; fileRef = 64F6BE5E272FCF0900DC16DF /* HomewViewController.swift */; };
		64F6BE61272FCF3000DC16DF /* AddViewController.swift in Sources */ = {isa = PBXBuildFile; fileRef = 64F6BE60272FCF3000DC16DF /* AddViewController.swift */; };
		64F6BE68272FCFE400DC16DF /* SearchViewController.swift in Sources */ = {isa = PBXBuildFile; fileRef = 64F6BE66272FCFE400DC16DF /* SearchViewController.swift */; };
		64F6BE6B272FDF5A00DC16DF /* SearchTableViewCell.swift in Sources */ = {isa = PBXBuildFile; fileRef = 64F6BE6A272FDF5A00DC16DF /* SearchTableViewCell.swift */; };
		64F6BE6E2730C8DB00DC16DF /* Realm in Frameworks */ = {isa = PBXBuildFile; productRef = 64F6BE6D2730C8DB00DC16DF /* Realm */; };
		64F6BE702730C8DB00DC16DF /* RealmSwift in Frameworks */ = {isa = PBXBuildFile; productRef = 64F6BE6F2730C8DB00DC16DF /* RealmSwift */; };
		64F6BE732730C97500DC16DF /* RealmModel.swift in Sources */ = {isa = PBXBuildFile; fileRef = 64F6BE722730C97500DC16DF /* RealmModel.swift */; };
		64F6BE7E273114E500DC16DF /* SCDream2.otf in Resources */ = {isa = PBXBuildFile; fileRef = 64F6BE7D273114B200DC16DF /* SCDream2.otf */; };
		64F6BE7F273114E500DC16DF /* SCDream5.otf in Resources */ = {isa = PBXBuildFile; fileRef = 64F6BE7C273114B200DC16DF /* SCDream5.otf */; };
		64F6BE80273114E500DC16DF /* SCDream9.otf in Resources */ = {isa = PBXBuildFile; fileRef = 64F6BE7B273114B100DC16DF /* SCDream9.otf */; };
		64F6BE822731189F00DC16DF /* UIFont+Extension.swift in Sources */ = {isa = PBXBuildFile; fileRef = 64F6BE812731189F00DC16DF /* UIFont+Extension.swift */; };
		64F6BE84273118AC00DC16DF /* String+Extension.swift in Sources */ = {isa = PBXBuildFile; fileRef = 64F6BE83273118AC00DC16DF /* String+Extension.swift */; };
		64F6BE8C273118FC00DC16DF /* LocalizableString.swift in Sources */ = {isa = PBXBuildFile; fileRef = 64F6BE8B273118FC00DC16DF /* LocalizableString.swift */; };
		64F6BE8D2731196800DC16DF /* Localizable.strings in Resources */ = {isa = PBXBuildFile; fileRef = 64F6BE8F2731196800DC16DF /* Localizable.strings */; };
		64F6BEB827313B4A00DC16DF /* InfoPlist.strings in Resources */ = {isa = PBXBuildFile; fileRef = 64F6BEBA27313B4A00DC16DF /* InfoPlist.strings */; };
/* End PBXBuildFile section */

/* Begin PBXFileReference section */
		64D8CCFF2733696100F15A90 /* SettingViewController.swift */ = {isa = PBXFileReference; lastKnownFileType = sourcecode.swift; path = SettingViewController.swift; sourceTree = "<group>"; };
		64D8CD26273558A500F15A90 /* DatePickerViewController.swift */ = {isa = PBXFileReference; lastKnownFileType = sourcecode.swift; path = DatePickerViewController.swift; sourceTree = "<group>"; };
		64D8CD2827367A1E00F15A90 /* CalendarViewController.swift */ = {isa = PBXFileReference; lastKnownFileType = sourcecode.swift; path = CalendarViewController.swift; sourceTree = "<group>"; };
		64D8CD2F2738ACFC00F15A90 /* HomeTableViewCell.swift */ = {isa = PBXFileReference; lastKnownFileType = sourcecode.swift; path = HomeTableViewCell.swift; sourceTree = "<group>"; };
		64D8CD312738B17C00F15A90 /* HomeCollectionViewCell.swift */ = {isa = PBXFileReference; lastKnownFileType = sourcecode.swift; path = HomeCollectionViewCell.swift; sourceTree = "<group>"; };
		64F6BE47272FBFFB00DC16DF /* SeSACDiary.app */ = {isa = PBXFileReference; explicitFileType = wrapper.application; includeInIndex = 0; path = SeSACDiary.app; sourceTree = BUILT_PRODUCTS_DIR; };
		64F6BE4A272FBFFB00DC16DF /* AppDelegate.swift */ = {isa = PBXFileReference; lastKnownFileType = sourcecode.swift; path = AppDelegate.swift; sourceTree = "<group>"; };
		64F6BE4C272FBFFB00DC16DF /* SceneDelegate.swift */ = {isa = PBXFileReference; lastKnownFileType = sourcecode.swift; path = SceneDelegate.swift; sourceTree = "<group>"; };
		64F6BE4E272FBFFB00DC16DF /* ViewController.swift */ = {isa = PBXFileReference; lastKnownFileType = sourcecode.swift; path = ViewController.swift; sourceTree = "<group>"; };
		64F6BE51272FBFFB00DC16DF /* Base */ = {isa = PBXFileReference; lastKnownFileType = file.storyboard; name = Base; path = Base.lproj/Main.storyboard; sourceTree = "<group>"; };
		64F6BE53272FBFFC00DC16DF /* Assets.xcassets */ = {isa = PBXFileReference; lastKnownFileType = folder.assetcatalog; path = Assets.xcassets; sourceTree = "<group>"; };
		64F6BE56272FBFFC00DC16DF /* Base */ = {isa = PBXFileReference; lastKnownFileType = file.storyboard; name = Base; path = Base.lproj/LaunchScreen.storyboard; sourceTree = "<group>"; };
		64F6BE58272FBFFC00DC16DF /* Info.plist */ = {isa = PBXFileReference; lastKnownFileType = text.plist.xml; path = Info.plist; sourceTree = "<group>"; };
		64F6BE5E272FCF0900DC16DF /* HomewViewController.swift */ = {isa = PBXFileReference; lastKnownFileType = sourcecode.swift; path = HomewViewController.swift; sourceTree = "<group>"; };
		64F6BE60272FCF3000DC16DF /* AddViewController.swift */ = {isa = PBXFileReference; lastKnownFileType = sourcecode.swift; path = AddViewController.swift; sourceTree = "<group>"; };
		64F6BE66272FCFE400DC16DF /* SearchViewController.swift */ = {isa = PBXFileReference; lastKnownFileType = sourcecode.swift; path = SearchViewController.swift; sourceTree = "<group>"; };
		64F6BE6A272FDF5A00DC16DF /* SearchTableViewCell.swift */ = {isa = PBXFileReference; lastKnownFileType = sourcecode.swift; path = SearchTableViewCell.swift; sourceTree = "<group>"; };
		64F6BE722730C97500DC16DF /* RealmModel.swift */ = {isa = PBXFileReference; lastKnownFileType = sourcecode.swift; path = RealmModel.swift; sourceTree = "<group>"; };
		64F6BE7B273114B100DC16DF /* SCDream9.otf */ = {isa = PBXFileReference; lastKnownFileType = file; path = SCDream9.otf; sourceTree = "<group>"; };
		64F6BE7C273114B200DC16DF /* SCDream5.otf */ = {isa = PBXFileReference; lastKnownFileType = file; path = SCDream5.otf; sourceTree = "<group>"; };
		64F6BE7D273114B200DC16DF /* SCDream2.otf */ = {isa = PBXFileReference; lastKnownFileType = file; path = SCDream2.otf; sourceTree = "<group>"; };
		64F6BE812731189F00DC16DF /* UIFont+Extension.swift */ = {isa = PBXFileReference; lastKnownFileType = sourcecode.swift; path = "UIFont+Extension.swift"; sourceTree = "<group>"; };
		64F6BE83273118AC00DC16DF /* String+Extension.swift */ = {isa = PBXFileReference; lastKnownFileType = sourcecode.swift; path = "String+Extension.swift"; sourceTree = "<group>"; };
		64F6BE8B273118FC00DC16DF /* LocalizableString.swift */ = {isa = PBXFileReference; lastKnownFileType = sourcecode.swift; path = LocalizableString.swift; sourceTree = "<group>"; };
		64F6BE8E2731196800DC16DF /* en */ = {isa = PBXFileReference; lastKnownFileType = text.plist.strings; name = en; path = en.lproj/Localizable.strings; sourceTree = "<group>"; };
		64F6BE992731263C00DC16DF /* ko */ = {isa = PBXFileReference; lastKnownFileType = text.plist.strings; name = ko; path = ko.lproj/Main.strings; sourceTree = "<group>"; };
		64F6BE9A2731263C00DC16DF /* ko */ = {isa = PBXFileReference; lastKnownFileType = text.plist.strings; name = ko; path = ko.lproj/LaunchScreen.strings; sourceTree = "<group>"; };
		64F6BE9C2731265100DC16DF /* ko */ = {isa = PBXFileReference; lastKnownFileType = text.plist.strings; name = ko; path = ko.lproj/Localizable.strings; sourceTree = "<group>"; };
		64F6BEB927313B4A00DC16DF /* en */ = {isa = PBXFileReference; lastKnownFileType = text.plist.strings; name = en; path = en.lproj/InfoPlist.strings; sourceTree = "<group>"; };
		64F6BEBB27313B4B00DC16DF /* ko */ = {isa = PBXFileReference; lastKnownFileType = text.plist.strings; name = ko; path = ko.lproj/InfoPlist.strings; sourceTree = "<group>"; };
/* End PBXFileReference section */

/* Begin PBXFrameworksBuildPhase section */
		64F6BE44272FBFFB00DC16DF /* Frameworks */ = {
			isa = PBXFrameworksBuildPhase;
			buildActionMask = 2147483647;
			files = (
				64D8CD0327336DC500F15A90 /* Zip in Frameworks */,
				64D8CD2C27367A9D00F15A90 /* FSCalendar in Frameworks */,
				64F6BE702730C8DB00DC16DF /* RealmSwift in Frameworks */,
				64F6BE6E2730C8DB00DC16DF /* Realm in Frameworks */,
			);
			runOnlyForDeploymentPostprocessing = 0;
		};
/* End PBXFrameworksBuildPhase section */

/* Begin PBXGroup section */
		64F6BE3E272FBFFB00DC16DF = {
			isa = PBXGroup;
			children = (
				64F6BE49272FBFFB00DC16DF /* SeSACDiary */,
				64F6BE48272FBFFB00DC16DF /* Products */,
			);
			sourceTree = "<group>";
		};
		64F6BE48272FBFFB00DC16DF /* Products */ = {
			isa = PBXGroup;
			children = (
				64F6BE47272FBFFB00DC16DF /* SeSACDiary.app */,
			);
			name = Products;
			sourceTree = "<group>";
		};
		64F6BE49272FBFFB00DC16DF /* SeSACDiary */ = {
			isa = PBXGroup;
			children = (
				64F6BE7A2731146A00DC16DF /* Font */,
				64F6BE792731145F00DC16DF /* Extension */,
				64F6BE762731141400DC16DF /* Localization */,
				64F6BE712730C95E00DC16DF /* Realm */,
				64F6BE4A272FBFFB00DC16DF /* AppDelegate.swift */,
				64F6BE4C272FBFFB00DC16DF /* SceneDelegate.swift */,
				64F6BE4E272FBFFB00DC16DF /* ViewController.swift */,
				64D8CD26273558A500F15A90 /* DatePickerViewController.swift */,
				64F6BE50272FBFFB00DC16DF /* Main.storyboard */,
				64D8CD2827367A1E00F15A90 /* CalendarViewController.swift */,
				64F6BE5E272FCF0900DC16DF /* HomewViewController.swift */,
				64D8CD2F2738ACFC00F15A90 /* HomeTableViewCell.swift */,
				64D8CD312738B17C00F15A90 /* HomeCollectionViewCell.swift */,
				64F6BE60272FCF3000DC16DF /* AddViewController.swift */,
				64F6BE66272FCFE400DC16DF /* SearchViewController.swift */,
				64F6BE6A272FDF5A00DC16DF /* SearchTableViewCell.swift */,
				64D8CCFF2733696100F15A90 /* SettingViewController.swift */,
				64F6BE53272FBFFC00DC16DF /* Assets.xcassets */,
				64F6BE55272FBFFC00DC16DF /* LaunchScreen.storyboard */,
				64F6BE58272FBFFC00DC16DF /* Info.plist */,
			);
			path = SeSACDiary;
			sourceTree = "<group>";
		};
		64F6BE712730C95E00DC16DF /* Realm */ = {
			isa = PBXGroup;
			children = (
				64F6BE722730C97500DC16DF /* RealmModel.swift */,
			);
			path = Realm;
			sourceTree = "<group>";
		};
		64F6BE762731141400DC16DF /* Localization */ = {
			isa = PBXGroup;
			children = (
				64F6BE8F2731196800DC16DF /* Localizable.strings */,
				64F6BE8B273118FC00DC16DF /* LocalizableString.swift */,
				64F6BEBA27313B4A00DC16DF /* InfoPlist.strings */,
			);
			path = Localization;
			sourceTree = "<group>";
		};
		64F6BE792731145F00DC16DF /* Extension */ = {
			isa = PBXGroup;
			children = (
				64F6BE812731189F00DC16DF /* UIFont+Extension.swift */,
				64F6BE83273118AC00DC16DF /* String+Extension.swift */,
			);
			path = Extension;
			sourceTree = "<group>";
		};
		64F6BE7A2731146A00DC16DF /* Font */ = {
			isa = PBXGroup;
			children = (
				64F6BE7D273114B200DC16DF /* SCDream2.otf */,
				64F6BE7C273114B200DC16DF /* SCDream5.otf */,
				64F6BE7B273114B100DC16DF /* SCDream9.otf */,
			);
			path = Font;
			sourceTree = "<group>";
		};
/* End PBXGroup section */

/* Begin PBXNativeTarget section */
		64F6BE46272FBFFB00DC16DF /* SeSACDiary */ = {
			isa = PBXNativeTarget;
			buildConfigurationList = 64F6BE5B272FBFFC00DC16DF /* Build configuration list for PBXNativeTarget "SeSACDiary" */;
			buildPhases = (
				64F6BE43272FBFFB00DC16DF /* Sources */,
				64F6BE44272FBFFB00DC16DF /* Frameworks */,
				64F6BE45272FBFFB00DC16DF /* Resources */,
			);
			buildRules = (
			);
			dependencies = (
			);
			name = SeSACDiary;
			packageProductDependencies = (
				64F6BE6D2730C8DB00DC16DF /* Realm */,
				64F6BE6F2730C8DB00DC16DF /* RealmSwift */,
				64D8CD0227336DC500F15A90 /* Zip */,
				64D8CD2B27367A9D00F15A90 /* FSCalendar */,
			);
			productName = SeSACDiary;
			productReference = 64F6BE47272FBFFB00DC16DF /* SeSACDiary.app */;
			productType = "com.apple.product-type.application";
		};
/* End PBXNativeTarget section */

/* Begin PBXProject section */
		64F6BE3F272FBFFB00DC16DF /* Project object */ = {
			isa = PBXProject;
			attributes = {
				BuildIndependentTargetsInParallel = 1;
				LastSwiftUpdateCheck = 1310;
				LastUpgradeCheck = 1310;
				TargetAttributes = {
					64F6BE46272FBFFB00DC16DF = {
						CreatedOnToolsVersion = 13.1;
					};
				};
			};
			buildConfigurationList = 64F6BE42272FBFFB00DC16DF /* Build configuration list for PBXProject "SeSACDiary" */;
			compatibilityVersion = "Xcode 13.0";
			developmentRegion = en;
			hasScannedForEncodings = 0;
			knownRegions = (
				en,
				Base,
				ko,
			);
			mainGroup = 64F6BE3E272FBFFB00DC16DF;
			packageReferences = (
				64F6BE6C2730C8DB00DC16DF /* XCRemoteSwiftPackageReference "realm-cocoa" */,
				64D8CD0127336DC500F15A90 /* XCRemoteSwiftPackageReference "Zip" */,
				64D8CD2A27367A9D00F15A90 /* XCRemoteSwiftPackageReference "FSCalendar" */,
			);
			productRefGroup = 64F6BE48272FBFFB00DC16DF /* Products */;
			projectDirPath = "";
			projectRoot = "";
			targets = (
				64F6BE46272FBFFB00DC16DF /* SeSACDiary */,
			);
		};
/* End PBXProject section */

/* Begin PBXResourcesBuildPhase section */
		64F6BE45272FBFFB00DC16DF /* Resources */ = {
			isa = PBXResourcesBuildPhase;
			buildActionMask = 2147483647;
			files = (
				64F6BE7E273114E500DC16DF /* SCDream2.otf in Resources */,
				64F6BEB827313B4A00DC16DF /* InfoPlist.strings in Resources */,
				64F6BE7F273114E500DC16DF /* SCDream5.otf in Resources */,
				64F6BE80273114E500DC16DF /* SCDream9.otf in Resources */,
				64F6BE8D2731196800DC16DF /* Localizable.strings in Resources */,
				64F6BE57272FBFFC00DC16DF /* LaunchScreen.storyboard in Resources */,
				64F6BE54272FBFFC00DC16DF /* Assets.xcassets in Resources */,
				64F6BE52272FBFFB00DC16DF /* Main.storyboard in Resources */,
			);
			runOnlyForDeploymentPostprocessing = 0;
		};
/* End PBXResourcesBuildPhase section */

/* Begin PBXSourcesBuildPhase section */
		64F6BE43272FBFFB00DC16DF /* Sources */ = {
			isa = PBXSourcesBuildPhase;
			buildActionMask = 2147483647;
			files = (
				64F6BE68272FCFE400DC16DF /* SearchViewController.swift in Sources */,
				64D8CD27273558A500F15A90 /* DatePickerViewController.swift in Sources */,
				64F6BE61272FCF3000DC16DF /* AddViewController.swift in Sources */,
				64F6BE4F272FBFFB00DC16DF /* ViewController.swift in Sources */,
				64F6BE4B272FBFFB00DC16DF /* AppDelegate.swift in Sources */,
				64F6BE4D272FBFFB00DC16DF /* SceneDelegate.swift in Sources */,
				64D8CD302738ACFC00F15A90 /* HomeTableViewCell.swift in Sources */,
				64D8CD322738B17C00F15A90 /* HomeCollectionViewCell.swift in Sources */,
				64F6BE732730C97500DC16DF /* RealmModel.swift in Sources */,
				64F6BE822731189F00DC16DF /* UIFont+Extension.swift in Sources */,
				64F6BE8C273118FC00DC16DF /* LocalizableString.swift in Sources */,
				64F6BE5F272FCF0900DC16DF /* HomewViewController.swift in Sources */,
				64F6BE84273118AC00DC16DF /* String+Extension.swift in Sources */,
				64F6BE6B272FDF5A00DC16DF /* SearchTableViewCell.swift in Sources */,
				64D8CD2927367A1E00F15A90 /* CalendarViewController.swift in Sources */,
				64D8CD002733696100F15A90 /* SettingViewController.swift in Sources */,
			);
			runOnlyForDeploymentPostprocessing = 0;
		};
/* End PBXSourcesBuildPhase section */

/* Begin PBXVariantGroup section */
		64F6BE50272FBFFB00DC16DF /* Main.storyboard */ = {
			isa = PBXVariantGroup;
			children = (
				64F6BE51272FBFFB00DC16DF /* Base */,
				64F6BE992731263C00DC16DF /* ko */,
			);
			name = Main.storyboard;
			sourceTree = "<group>";
		};
		64F6BE55272FBFFC00DC16DF /* LaunchScreen.storyboard */ = {
			isa = PBXVariantGroup;
			children = (
				64F6BE56272FBFFC00DC16DF /* Base */,
				64F6BE9A2731263C00DC16DF /* ko */,
			);
			name = LaunchScreen.storyboard;
			sourceTree = "<group>";
		};
		64F6BE8F2731196800DC16DF /* Localizable.strings */ = {
			isa = PBXVariantGroup;
			children = (
				64F6BE8E2731196800DC16DF /* en */,
				64F6BE9C2731265100DC16DF /* ko */,
			);
			name = Localizable.strings;
			sourceTree = "<group>";
		};
		64F6BEBA27313B4A00DC16DF /* InfoPlist.strings */ = {
			isa = PBXVariantGroup;
			children = (
				64F6BEB927313B4A00DC16DF /* en */,
				64F6BEBB27313B4B00DC16DF /* ko */,
			);
			name = InfoPlist.strings;
			sourceTree = "<group>";
		};
/* End PBXVariantGroup section */

/* Begin XCBuildConfiguration section */
		64F6BE59272FBFFC00DC16DF /* Debug */ = {
			isa = XCBuildConfiguration;
			buildSettings = {
				ALWAYS_SEARCH_USER_PATHS = NO;
				CLANG_ANALYZER_LOCALIZABILITY_NONLOCALIZED = YES;
				CLANG_ANALYZER_NONNULL = YES;
				CLANG_ANALYZER_NUMBER_OBJECT_CONVERSION = YES_AGGRESSIVE;
				CLANG_CXX_LANGUAGE_STANDARD = "gnu++17";
				CLANG_CXX_LIBRARY = "libc++";
				CLANG_ENABLE_MODULES = YES;
				CLANG_ENABLE_OBJC_ARC = YES;
				CLANG_ENABLE_OBJC_WEAK = YES;
				CLANG_WARN_BLOCK_CAPTURE_AUTORELEASING = YES;
				CLANG_WARN_BOOL_CONVERSION = YES;
				CLANG_WARN_COMMA = YES;
				CLANG_WARN_CONSTANT_CONVERSION = YES;
				CLANG_WARN_DEPRECATED_OBJC_IMPLEMENTATIONS = YES;
				CLANG_WARN_DIRECT_OBJC_ISA_USAGE = YES_ERROR;
				CLANG_WARN_DOCUMENTATION_COMMENTS = YES;
				CLANG_WARN_EMPTY_BODY = YES;
				CLANG_WARN_ENUM_CONVERSION = YES;
				CLANG_WARN_INFINITE_RECURSION = YES;
				CLANG_WARN_INT_CONVERSION = YES;
				CLANG_WARN_NON_LITERAL_NULL_CONVERSION = YES;
				CLANG_WARN_OBJC_IMPLICIT_RETAIN_SELF = YES;
				CLANG_WARN_OBJC_LITERAL_CONVERSION = YES;
				CLANG_WARN_OBJC_ROOT_CLASS = YES_ERROR;
				CLANG_WARN_QUOTED_INCLUDE_IN_FRAMEWORK_HEADER = YES;
				CLANG_WARN_RANGE_LOOP_ANALYSIS = YES;
				CLANG_WARN_STRICT_PROTOTYPES = YES;
				CLANG_WARN_SUSPICIOUS_MOVE = YES;
				CLANG_WARN_UNGUARDED_AVAILABILITY = YES_AGGRESSIVE;
				CLANG_WARN_UNREACHABLE_CODE = YES;
				CLANG_WARN__DUPLICATE_METHOD_MATCH = YES;
				COPY_PHASE_STRIP = NO;
				DEBUG_INFORMATION_FORMAT = dwarf;
				ENABLE_STRICT_OBJC_MSGSEND = YES;
				ENABLE_TESTABILITY = YES;
				GCC_C_LANGUAGE_STANDARD = gnu11;
				GCC_DYNAMIC_NO_PIC = NO;
				GCC_NO_COMMON_BLOCKS = YES;
				GCC_OPTIMIZATION_LEVEL = 0;
				GCC_PREPROCESSOR_DEFINITIONS = (
					"DEBUG=1",
					"$(inherited)",
				);
				GCC_WARN_64_TO_32_BIT_CONVERSION = YES;
				GCC_WARN_ABOUT_RETURN_TYPE = YES_ERROR;
				GCC_WARN_UNDECLARED_SELECTOR = YES;
				GCC_WARN_UNINITIALIZED_AUTOS = YES_AGGRESSIVE;
				GCC_WARN_UNUSED_FUNCTION = YES;
				GCC_WARN_UNUSED_VARIABLE = YES;
				IPHONEOS_DEPLOYMENT_TARGET = 15.0;
				MTL_ENABLE_DEBUG_INFO = INCLUDE_SOURCE;
				MTL_FAST_MATH = YES;
				ONLY_ACTIVE_ARCH = YES;
				SDKROOT = iphoneos;
				SWIFT_ACTIVE_COMPILATION_CONDITIONS = DEBUG;
				SWIFT_OPTIMIZATION_LEVEL = "-Onone";
			};
			name = Debug;
		};
		64F6BE5A272FBFFC00DC16DF /* Release */ = {
			isa = XCBuildConfiguration;
			buildSettings = {
				ALWAYS_SEARCH_USER_PATHS = NO;
				CLANG_ANALYZER_LOCALIZABILITY_NONLOCALIZED = YES;
				CLANG_ANALYZER_NONNULL = YES;
				CLANG_ANALYZER_NUMBER_OBJECT_CONVERSION = YES_AGGRESSIVE;
				CLANG_CXX_LANGUAGE_STANDARD = "gnu++17";
				CLANG_CXX_LIBRARY = "libc++";
				CLANG_ENABLE_MODULES = YES;
				CLANG_ENABLE_OBJC_ARC = YES;
				CLANG_ENABLE_OBJC_WEAK = YES;
				CLANG_WARN_BLOCK_CAPTURE_AUTORELEASING = YES;
				CLANG_WARN_BOOL_CONVERSION = YES;
				CLANG_WARN_COMMA = YES;
				CLANG_WARN_CONSTANT_CONVERSION = YES;
				CLANG_WARN_DEPRECATED_OBJC_IMPLEMENTATIONS = YES;
				CLANG_WARN_DIRECT_OBJC_ISA_USAGE = YES_ERROR;
				CLANG_WARN_DOCUMENTATION_COMMENTS = YES;
				CLANG_WARN_EMPTY_BODY = YES;
				CLANG_WARN_ENUM_CONVERSION = YES;
				CLANG_WARN_INFINITE_RECURSION = YES;
				CLANG_WARN_INT_CONVERSION = YES;
				CLANG_WARN_NON_LITERAL_NULL_CONVERSION = YES;
				CLANG_WARN_OBJC_IMPLICIT_RETAIN_SELF = YES;
				CLANG_WARN_OBJC_LITERAL_CONVERSION = YES;
				CLANG_WARN_OBJC_ROOT_CLASS = YES_ERROR;
				CLANG_WARN_QUOTED_INCLUDE_IN_FRAMEWORK_HEADER = YES;
				CLANG_WARN_RANGE_LOOP_ANALYSIS = YES;
				CLANG_WARN_STRICT_PROTOTYPES = YES;
				CLANG_WARN_SUSPICIOUS_MOVE = YES;
				CLANG_WARN_UNGUARDED_AVAILABILITY = YES_AGGRESSIVE;
				CLANG_WARN_UNREACHABLE_CODE = YES;
				CLANG_WARN__DUPLICATE_METHOD_MATCH = YES;
				COPY_PHASE_STRIP = NO;
				DEBUG_INFORMATION_FORMAT = "dwarf-with-dsym";
				ENABLE_NS_ASSERTIONS = NO;
				ENABLE_STRICT_OBJC_MSGSEND = YES;
				GCC_C_LANGUAGE_STANDARD = gnu11;
				GCC_NO_COMMON_BLOCKS = YES;
				GCC_WARN_64_TO_32_BIT_CONVERSION = YES;
				GCC_WARN_ABOUT_RETURN_TYPE = YES_ERROR;
				GCC_WARN_UNDECLARED_SELECTOR = YES;
				GCC_WARN_UNINITIALIZED_AUTOS = YES_AGGRESSIVE;
				GCC_WARN_UNUSED_FUNCTION = YES;
				GCC_WARN_UNUSED_VARIABLE = YES;
				IPHONEOS_DEPLOYMENT_TARGET = 15.0;
				MTL_ENABLE_DEBUG_INFO = NO;
				MTL_FAST_MATH = YES;
				SDKROOT = iphoneos;
				SWIFT_COMPILATION_MODE = wholemodule;
				SWIFT_OPTIMIZATION_LEVEL = "-O";
				VALIDATE_PRODUCT = YES;
			};
			name = Release;
		};
		64F6BE5C272FBFFC00DC16DF /* Debug */ = {
			isa = XCBuildConfiguration;
			buildSettings = {
				ASSETCATALOG_COMPILER_APPICON_NAME = AppIcon;
				ASSETCATALOG_COMPILER_GLOBAL_ACCENT_COLOR_NAME = AccentColor;
				CODE_SIGN_STYLE = Automatic;
				CURRENT_PROJECT_VERSION = 1;
				GENERATE_INFOPLIST_FILE = YES;
				INFOPLIST_FILE = SeSACDiary/Info.plist;
				INFOPLIST_KEY_UIApplicationSupportsIndirectInputEvents = YES;
				INFOPLIST_KEY_UILaunchStoryboardName = LaunchScreen;
				INFOPLIST_KEY_UIMainStoryboardFile = Main;
				INFOPLIST_KEY_UISupportedInterfaceOrientations_iPad = "UIInterfaceOrientationPortrait UIInterfaceOrientationPortraitUpsideDown UIInterfaceOrientationLandscapeLeft UIInterfaceOrientationLandscapeRight";
				INFOPLIST_KEY_UISupportedInterfaceOrientations_iPhone = "UIInterfaceOrientationPortrait UIInterfaceOrientationLandscapeLeft UIInterfaceOrientationLandscapeRight";
				LD_RUNPATH_SEARCH_PATHS = (
					"$(inherited)",
					"@executable_path/Frameworks",
				);
				MARKETING_VERSION = 1.0;
				PRODUCT_BUNDLE_IDENTIFIER = com.jmkim.SeSACDiary;
				PRODUCT_NAME = "$(TARGET_NAME)";
				SWIFT_EMIT_LOC_STRINGS = YES;
				SWIFT_VERSION = 5.0;
				TARGETED_DEVICE_FAMILY = "1,2";
			};
			name = Debug;
		};
		64F6BE5D272FBFFC00DC16DF /* Release */ = {
			isa = XCBuildConfiguration;
			buildSettings = {
				ASSETCATALOG_COMPILER_APPICON_NAME = AppIcon;
				ASSETCATALOG_COMPILER_GLOBAL_ACCENT_COLOR_NAME = AccentColor;
				CODE_SIGN_STYLE = Automatic;
				CURRENT_PROJECT_VERSION = 1;
				GENERATE_INFOPLIST_FILE = YES;
				INFOPLIST_FILE = SeSACDiary/Info.plist;
				INFOPLIST_KEY_UIApplicationSupportsIndirectInputEvents = YES;
				INFOPLIST_KEY_UILaunchStoryboardName = LaunchScreen;
				INFOPLIST_KEY_UIMainStoryboardFile = Main;
				INFOPLIST_KEY_UISupportedInterfaceOrientations_iPad = "UIInterfaceOrientationPortrait UIInterfaceOrientationPortraitUpsideDown UIInterfaceOrientationLandscapeLeft UIInterfaceOrientationLandscapeRight";
				INFOPLIST_KEY_UISupportedInterfaceOrientations_iPhone = "UIInterfaceOrientationPortrait UIInterfaceOrientationLandscapeLeft UIInterfaceOrientationLandscapeRight";
				LD_RUNPATH_SEARCH_PATHS = (
					"$(inherited)",
					"@executable_path/Frameworks",
				);
				MARKETING_VERSION = 1.0;
				PRODUCT_BUNDLE_IDENTIFIER = com.jmkim.SeSACDiary;
				PRODUCT_NAME = "$(TARGET_NAME)";
				SWIFT_EMIT_LOC_STRINGS = YES;
				SWIFT_VERSION = 5.0;
				TARGETED_DEVICE_FAMILY = "1,2";
			};
			name = Release;
		};
/* End XCBuildConfiguration section */

/* Begin XCConfigurationList section */
		64F6BE42272FBFFB00DC16DF /* Build configuration list for PBXProject "SeSACDiary" */ = {
			isa = XCConfigurationList;
			buildConfigurations = (
				64F6BE59272FBFFC00DC16DF /* Debug */,
				64F6BE5A272FBFFC00DC16DF /* Release */,
			);
			defaultConfigurationIsVisible = 0;
			defaultConfigurationName = Release;
		};
		64F6BE5B272FBFFC00DC16DF /* Build configuration list for PBXNativeTarget "SeSACDiary" */ = {
			isa = XCConfigurationList;
			buildConfigurations = (
				64F6BE5C272FBFFC00DC16DF /* Debug */,
				64F6BE5D272FBFFC00DC16DF /* Release */,
			);
			defaultConfigurationIsVisible = 0;
			defaultConfigurationName = Release;
		};
/* End XCConfigurationList section */

/* Begin XCRemoteSwiftPackageReference section */
		64D8CD0127336DC500F15A90 /* XCRemoteSwiftPackageReference "Zip" */ = {
			isa = XCRemoteSwiftPackageReference;
			repositoryURL = "https://github.com/marmelroy/Zip.git";
			requirement = {
				kind = upToNextMajorVersion;
				minimumVersion = 2.0.0;
			};
		};
		64D8CD2A27367A9D00F15A90 /* XCRemoteSwiftPackageReference "FSCalendar" */ = {
			isa = XCRemoteSwiftPackageReference;
			repositoryURL = "https://github.com/WenchaoD/FSCalendar.git";
			requirement = {
				branch = master;
				kind = branch;
			};
		};
		64F6BE6C2730C8DB00DC16DF /* XCRemoteSwiftPackageReference "realm-cocoa" */ = {
			isa = XCRemoteSwiftPackageReference;
			repositoryURL = "https://github.com/realm/realm-cocoa.git";
			requirement = {
				kind = exactVersion;
				version = 10.18.0;
			};
		};
/* End XCRemoteSwiftPackageReference section */

/* Begin XCSwiftPackageProductDependency section */
		64D8CD0227336DC500F15A90 /* Zip */ = {
			isa = XCSwiftPackageProductDependency;
			package = 64D8CD0127336DC500F15A90 /* XCRemoteSwiftPackageReference "Zip" */;
			productName = Zip;
		};
		64D8CD2B27367A9D00F15A90 /* FSCalendar */ = {
			isa = XCSwiftPackageProductDependency;
			package = 64D8CD2A27367A9D00F15A90 /* XCRemoteSwiftPackageReference "FSCalendar" */;
			productName = FSCalendar;
		};
		64F6BE6D2730C8DB00DC16DF /* Realm */ = {
			isa = XCSwiftPackageProductDependency;
			package = 64F6BE6C2730C8DB00DC16DF /* XCRemoteSwiftPackageReference "realm-cocoa" */;
			productName = Realm;
		};
		64F6BE6F2730C8DB00DC16DF /* RealmSwift */ = {
			isa = XCSwiftPackageProductDependency;
			package = 64F6BE6C2730C8DB00DC16DF /* XCRemoteSwiftPackageReference "realm-cocoa" */;
			productName = RealmSwift;
		};
/* End XCSwiftPackageProductDependency section */
	};
	rootObject = 64F6BE3F272FBFFB00DC16DF /* Project object */;
}
